
Microsoft Visual Studio Solution File, Format Version 12.00
# Visual Studio Version 16
VisualStudioVersion = 16.0.29021.104
MinimumVisualStudioVersion = 10.0.40219.1
Project("{FAE04EC0-301F-11D3-BF4B-00C04F79EFBC}") = "lab_01_hello_world", "lab_01_hello_world\lab_01_hello_world.csproj", "{E5077FA5-FCED-4EB7-9E94-FBECBFFE6B5B}"
EndProject
Project("{9A19103F-16F7-4668-BE54-9A1E7A4F7556}") = "lab_02_class", "tab_02_class\lab_02_class.csproj", "{CE334EB0-CE05-421A-918B-3C15119A03D7}"
EndProject
Project("{9A19103F-16F7-4668-BE54-9A1E7A4F7556}") = "lab_03_private_public_fields", "lab_03_private_public_fields\lab_03_private_public_fields.csproj", "{B2BE44DB-FAF6-482D-8CC9-6619CC346638}"
EndProject
Project("{9A19103F-16F7-4668-BE54-9A1E7A4F7556}") = "lab_04_class_summary", "lab_04_class_summary\lab_04_class_summary.csproj", "{F6A1E154-3A88-44B2-8817-F737D63DED92}"
EndProject
Project("{9A19103F-16F7-4668-BE54-9A1E7A4F7556}") = "lab_05_properties", "lab_05_properties\lab_05_properties.csproj", "{ECDB3F74-9E77-4165-A32C-1A98E2BD12EF}"
EndProject
Project("{9A19103F-16F7-4668-BE54-9A1E7A4F7556}") = "lab_05_rabbits", "lab05_rabbits\lab_05_rabbits.csproj", "{999E5BC3-0049-49C4-BE42-C7F6F01EE2D2}"
EndProject
Project("{9A19103F-16F7-4668-BE54-9A1E7A4F7556}") = "lab_06_inheritance", "lab_06_inheritance\lab_06_inheritance.csproj", "{8504CD90-E6C9-4247-85E7-22D97C2991FF}"
EndProject
Project("{9A19103F-16F7-4668-BE54-9A1E7A4F7556}") = "lab_07_methods", "lab07_methods\lab_07_methods.csproj", "{7F767B33-0AFB-49F2-9E6E-1245F96EC9FA}"
EndProject
Project("{9A19103F-16F7-4668-BE54-9A1E7A4F7556}") = "code_wars1", "code_wars1\code_wars1.csproj", "{DBEE5EA4-978F-40B8-86FE-AB89A5AB2225}"
EndProject
Project("{9A19103F-16F7-4668-BE54-9A1E7A4F7556}") = "lab_08_dynamic", "lab_08_dynamic\lab_08_dynamic.csproj", "{1AF0C1C9-2016-4CA3-B5EA-EE07845B4E3B}"
EndProject
Project("{9A19103F-16F7-4668-BE54-9A1E7A4F7556}") = "lab_09_constructor", "lab_09_constructor\lab_09_constructor.csproj", "{D1BC6444-F2FD-4269-958C-373AE216D98A}"
EndProject
Project("{9A19103F-16F7-4668-BE54-9A1E7A4F7556}") = "lab_10_overloading", "lab10_overloading\lab_10_overloading.csproj", "{EFE69B3A-E762-497B-8B10-CA9F1440A7A7}"
EndProject
Project("{9A19103F-16F7-4668-BE54-9A1E7A4F7556}") = "lab_11_polymorphism", "lab11_polymorphism\lab_11_polymorphism.csproj", "{FDD11C15-486E-4B79-975B-4EC3A81D78AE}"
EndProject
Project("{9A19103F-16F7-4668-BE54-9A1E7A4F7556}") = "lab_012_rabbit_explosion", "lab_12_rabbit_explosion\lab_012_rabbit_explosion.csproj", "{7AD440D6-1EF1-47DA-B391-9F62B6CA399B}"
EndProject
Project("{9A19103F-16F7-4668-BE54-9A1E7A4F7556}") = "NUnit_Tests", "NUnit_Tests\NUnit_Tests.csproj", "{CBFF713D-B9E6-486E-B991-6FC87988F9E5}"
EndProject
Project("{9A19103F-16F7-4668-BE54-9A1E7A4F7556}") = "lab_012_test_me_out", "lab_012_test_me_out\lab_012_test_me_out.csproj", "{7E50775D-20CD-4BC4-ADB0-4BA248FAFF5C}"
EndProject
Project("{9A19103F-16F7-4668-BE54-9A1E7A4F7556}") = "lab_013_files", "lab_013_files\lab_013_files.csproj", "{D4892825-0080-4AD9-9652-C9C0007E8261}"
EndProject
Project("{9A19103F-16F7-4668-BE54-9A1E7A4F7556}") = "lab_014_stopwatch", "lab_014_stopwatch\lab_014_stopwatch.csproj", "{0CE4F106-4872-4D38-8A10-6CBC46CFF063}"
EndProject
Project("{9A19103F-16F7-4668-BE54-9A1E7A4F7556}") = "lab_personall_test1", "lab_personall_test1\lab_personall_test1.csproj", "{F1537072-BB8D-4BE7-8698-43056807ECA6}"
EndProject
Project("{9A19103F-16F7-4668-BE54-9A1E7A4F7556}") = "lab_014_abstract_class", "lab_014_abstract_class\lab_014_abstract_class.csproj", "{99BC9878-092B-4E41-B970-CEA1181F52AD}"
EndProject
Project("{FAE04EC0-301F-11D3-BF4B-00C04F79EFBC}") = "lab_016_wpf_rabbit_explosion", "lab_016_wpf_rabbit_explosion\lab_016_wpf_rabbit_explosion.csproj", "{1F337398-8254-456F-BFFC-3255A90A159A}"
EndProject
Project("{FAE04EC0-301F-11D3-BF4B-00C04F79EFBC}") = "lab_personal_Calculator_wpf", "lab_personal_Calculator_wpf\lab_personal_Calculator_wpf.csproj", "{561C6794-53FF-4E55-903A-831F568E0049}"
EndProject
Project("{FAE04EC0-301F-11D3-BF4B-00C04F79EFBC}") = "lab_017_rabbit_database_explosion", "lab_017_rabbit_database_explosion\lab_017_rabbit_database_explosion.csproj", "{0CD368A6-27C7-4098-BAD4-CB59E4F59048}"
EndProject
Project("{FAE04EC0-301F-11D3-BF4B-00C04F79EFBC}") = "Just_Do_It_12_Rabbit_Explosion_2", "Just_Do_It_12_Rabbit_Explosion_2\Just_Do_It_12_Rabbit_Explosion_2.csproj", "{05FC7BA4-EBA9-4036-9D4B-AA521597F083}"
EndProject
Global
	GlobalSection(SolutionConfigurationPlatforms) = preSolution
		Debug|Any CPU = Debug|Any CPU
		Release|Any CPU = Release|Any CPU
	EndGlobalSection
	GlobalSection(ProjectConfigurationPlatforms) = postSolution
		{E5077FA5-FCED-4EB7-9E94-FBECBFFE6B5B}.Debug|Any CPU.ActiveCfg = Debug|Any CPU
		{E5077FA5-FCED-4EB7-9E94-FBECBFFE6B5B}.Debug|Any CPU.Build.0 = Debug|Any CPU
		{E5077FA5-FCED-4EB7-9E94-FBECBFFE6B5B}.Release|Any CPU.ActiveCfg = Release|Any CPU
		{E5077FA5-FCED-4EB7-9E94-FBECBFFE6B5B}.Release|Any CPU.Build.0 = Release|Any CPU
		{CE334EB0-CE05-421A-918B-3C15119A03D7}.Debug|Any CPU.ActiveCfg = Debug|Any CPU
		{CE334EB0-CE05-421A-918B-3C15119A03D7}.Debug|Any CPU.Build.0 = Debug|Any CPU
		{CE334EB0-CE05-421A-918B-3C15119A03D7}.Release|Any CPU.ActiveCfg = Release|Any CPU
		{CE334EB0-CE05-421A-918B-3C15119A03D7}.Release|Any CPU.Build.0 = Release|Any CPU
		{B2BE44DB-FAF6-482D-8CC9-6619CC346638}.Debug|Any CPU.ActiveCfg = Debug|Any CPU
		{B2BE44DB-FAF6-482D-8CC9-6619CC346638}.Debug|Any CPU.Build.0 = Debug|Any CPU
		{B2BE44DB-FAF6-482D-8CC9-6619CC346638}.Release|Any CPU.ActiveCfg = Release|Any CPU
		{B2BE44DB-FAF6-482D-8CC9-6619CC346638}.Release|Any CPU.Build.0 = Release|Any CPU
		{F6A1E154-3A88-44B2-8817-F737D63DED92}.Debug|Any CPU.ActiveCfg = Debug|Any CPU
		{F6A1E154-3A88-44B2-8817-F737D63DED92}.Debug|Any CPU.Build.0 = Debug|Any CPU
		{F6A1E154-3A88-44B2-8817-F737D63DED92}.Release|Any CPU.ActiveCfg = Release|Any CPU
		{F6A1E154-3A88-44B2-8817-F737D63DED92}.Release|Any CPU.Build.0 = Release|Any CPU
		{ECDB3F74-9E77-4165-A32C-1A98E2BD12EF}.Debug|Any CPU.ActiveCfg = Debug|Any CPU
		{ECDB3F74-9E77-4165-A32C-1A98E2BD12EF}.Debug|Any CPU.Build.0 = Debug|Any CPU
		{ECDB3F74-9E77-4165-A32C-1A98E2BD12EF}.Release|Any CPU.ActiveCfg = Release|Any CPU
		{ECDB3F74-9E77-4165-A32C-1A98E2BD12EF}.Release|Any CPU.Build.0 = Release|Any CPU
		{999E5BC3-0049-49C4-BE42-C7F6F01EE2D2}.Debug|Any CPU.ActiveCfg = Debug|Any CPU
		{999E5BC3-0049-49C4-BE42-C7F6F01EE2D2}.Debug|Any CPU.Build.0 = Debug|Any CPU
		{999E5BC3-0049-49C4-BE42-C7F6F01EE2D2}.Release|Any CPU.ActiveCfg = Release|Any CPU
		{999E5BC3-0049-49C4-BE42-C7F6F01EE2D2}.Release|Any CPU.Build.0 = Release|Any CPU
		{8504CD90-E6C9-4247-85E7-22D97C2991FF}.Debug|Any CPU.ActiveCfg = Debug|Any CPU
		{8504CD90-E6C9-4247-85E7-22D97C2991FF}.Debug|Any CPU.Build.0 = Debug|Any CPU
		{8504CD90-E6C9-4247-85E7-22D97C2991FF}.Release|Any CPU.ActiveCfg = Release|Any CPU
		{8504CD90-E6C9-4247-85E7-22D97C2991FF}.Release|Any CPU.Build.0 = Release|Any CPU
		{7F767B33-0AFB-49F2-9E6E-1245F96EC9FA}.Debug|Any CPU.ActiveCfg = Debug|Any CPU
		{7F767B33-0AFB-49F2-9E6E-1245F96EC9FA}.Debug|Any CPU.Build.0 = Debug|Any CPU
		{7F767B33-0AFB-49F2-9E6E-1245F96EC9FA}.Release|Any CPU.ActiveCfg = Release|Any CPU
		{7F767B33-0AFB-49F2-9E6E-1245F96EC9FA}.Release|Any CPU.Build.0 = Release|Any CPU
		{DBEE5EA4-978F-40B8-86FE-AB89A5AB2225}.Debug|Any CPU.ActiveCfg = Debug|Any CPU
		{DBEE5EA4-978F-40B8-86FE-AB89A5AB2225}.Debug|Any CPU.Build.0 = Debug|Any CPU
		{DBEE5EA4-978F-40B8-86FE-AB89A5AB2225}.Release|Any CPU.ActiveCfg = Release|Any CPU
		{DBEE5EA4-978F-40B8-86FE-AB89A5AB2225}.Release|Any CPU.Build.0 = Release|Any CPU
		{1AF0C1C9-2016-4CA3-B5EA-EE07845B4E3B}.Debug|Any CPU.ActiveCfg = Debug|Any CPU
		{1AF0C1C9-2016-4CA3-B5EA-EE07845B4E3B}.Debug|Any CPU.Build.0 = Debug|Any CPU
		{1AF0C1C9-2016-4CA3-B5EA-EE07845B4E3B}.Release|Any CPU.ActiveCfg = Release|Any CPU
		{1AF0C1C9-2016-4CA3-B5EA-EE07845B4E3B}.Release|Any CPU.Build.0 = Release|Any CPU
		{D1BC6444-F2FD-4269-958C-373AE216D98A}.Debug|Any CPU.ActiveCfg = Debug|Any CPU
		{D1BC6444-F2FD-4269-958C-373AE216D98A}.Debug|Any CPU.Build.0 = Debug|Any CPU
		{D1BC6444-F2FD-4269-958C-373AE216D98A}.Release|Any CPU.ActiveCfg = Release|Any CPU
		{D1BC6444-F2FD-4269-958C-373AE216D98A}.Release|Any CPU.Build.0 = Release|Any CPU
		{EFE69B3A-E762-497B-8B10-CA9F1440A7A7}.Debug|Any CPU.ActiveCfg = Debug|Any CPU
		{EFE69B3A-E762-497B-8B10-CA9F1440A7A7}.Debug|Any CPU.Build.0 = Debug|Any CPU
		{EFE69B3A-E762-497B-8B10-CA9F1440A7A7}.Release|Any CPU.ActiveCfg = Release|Any CPU
		{EFE69B3A-E762-497B-8B10-CA9F1440A7A7}.Release|Any CPU.Build.0 = Release|Any CPU
		{FDD11C15-486E-4B79-975B-4EC3A81D78AE}.Debug|Any CPU.ActiveCfg = Debug|Any CPU
		{FDD11C15-486E-4B79-975B-4EC3A81D78AE}.Debug|Any CPU.Build.0 = Debug|Any CPU
		{FDD11C15-486E-4B79-975B-4EC3A81D78AE}.Release|Any CPU.ActiveCfg = Release|Any CPU
		{FDD11C15-486E-4B79-975B-4EC3A81D78AE}.Release|Any CPU.Build.0 = Release|Any CPU
		{7AD440D6-1EF1-47DA-B391-9F62B6CA399B}.Debug|Any CPU.ActiveCfg = Debug|Any CPU
		{7AD440D6-1EF1-47DA-B391-9F62B6CA399B}.Debug|Any CPU.Build.0 = Debug|Any CPU
		{7AD440D6-1EF1-47DA-B391-9F62B6CA399B}.Release|Any CPU.ActiveCfg = Release|Any CPU
		{7AD440D6-1EF1-47DA-B391-9F62B6CA399B}.Release|Any CPU.Build.0 = Release|Any CPU
		{CBFF713D-B9E6-486E-B991-6FC87988F9E5}.Debug|Any CPU.ActiveCfg = Debug|Any CPU
		{CBFF713D-B9E6-486E-B991-6FC87988F9E5}.Debug|Any CPU.Build.0 = Debug|Any CPU
		{CBFF713D-B9E6-486E-B991-6FC87988F9E5}.Release|Any CPU.ActiveCfg = Release|Any CPU
		{CBFF713D-B9E6-486E-B991-6FC87988F9E5}.Release|Any CPU.Build.0 = Release|Any CPU
		{7E50775D-20CD-4BC4-ADB0-4BA248FAFF5C}.Debug|Any CPU.ActiveCfg = Debug|Any CPU
		{7E50775D-20CD-4BC4-ADB0-4BA248FAFF5C}.Debug|Any CPU.Build.0 = Debug|Any CPU
		{7E50775D-20CD-4BC4-ADB0-4BA248FAFF5C}.Release|Any CPU.ActiveCfg = Release|Any CPU
		{7E50775D-20CD-4BC4-ADB0-4BA248FAFF5C}.Release|Any CPU.Build.0 = Release|Any CPU
		{D4892825-0080-4AD9-9652-C9C0007E8261}.Debug|Any CPU.ActiveCfg = Debug|Any CPU
		{D4892825-0080-4AD9-9652-C9C0007E8261}.Debug|Any CPU.Build.0 = Debug|Any CPU
		{D4892825-0080-4AD9-9652-C9C0007E8261}.Release|Any CPU.ActiveCfg = Release|Any CPU
		{D4892825-0080-4AD9-9652-C9C0007E8261}.Release|Any CPU.Build.0 = Release|Any CPU
		{0CE4F106-4872-4D38-8A10-6CBC46CFF063}.Debug|Any CPU.ActiveCfg = Debug|Any CPU
		{0CE4F106-4872-4D38-8A10-6CBC46CFF063}.Debug|Any CPU.Build.0 = Debug|Any CPU
		{0CE4F106-4872-4D38-8A10-6CBC46CFF063}.Release|Any CPU.ActiveCfg = Release|Any CPU
		{0CE4F106-4872-4D38-8A10-6CBC46CFF063}.Release|Any CPU.Build.0 = Release|Any CPU
		{F1537072-BB8D-4BE7-8698-43056807ECA6}.Debug|Any CPU.ActiveCfg = Debug|Any CPU
		{F1537072-BB8D-4BE7-8698-43056807ECA6}.Debug|Any CPU.Build.0 = Debug|Any CPU
		{F1537072-BB8D-4BE7-8698-43056807ECA6}.Release|Any CPU.ActiveCfg = Release|Any CPU
		{F1537072-BB8D-4BE7-8698-43056807ECA6}.Release|Any CPU.Build.0 = Release|Any CPU
		{99BC9878-092B-4E41-B970-CEA1181F52AD}.Debug|Any CPU.ActiveCfg = Debug|Any CPU
		{99BC9878-092B-4E41-B970-CEA1181F52AD}.Debug|Any CPU.Build.0 = Debug|Any CPU
		{99BC9878-092B-4E41-B970-CEA1181F52AD}.Release|Any CPU.ActiveCfg = Release|Any CPU
		{99BC9878-092B-4E41-B970-CEA1181F52AD}.Release|Any CPU.Build.0 = Release|Any CPU
		{1F337398-8254-456F-BFFC-3255A90A159A}.Debug|Any CPU.ActiveCfg = Debug|Any CPU
		{1F337398-8254-456F-BFFC-3255A90A159A}.Debug|Any CPU.Build.0 = Debug|Any CPU
		{1F337398-8254-456F-BFFC-3255A90A159A}.Release|Any CPU.ActiveCfg = Release|Any CPU
		{1F337398-8254-456F-BFFC-3255A90A159A}.Release|Any CPU.Build.0 = Release|Any CPU
		{561C6794-53FF-4E55-903A-831F568E0049}.Debug|Any CPU.ActiveCfg = Debug|Any CPU
		{561C6794-53FF-4E55-903A-831F568E0049}.Debug|Any CPU.Build.0 = Debug|Any CPU
		{561C6794-53FF-4E55-903A-831F568E0049}.Release|Any CPU.ActiveCfg = Release|Any CPU
		{561C6794-53FF-4E55-903A-831F568E0049}.Release|Any CPU.Build.0 = Release|Any CPU
		{0CD368A6-27C7-4098-BAD4-CB59E4F59048}.Debug|Any CPU.ActiveCfg = Debug|Any CPU
		{0CD368A6-27C7-4098-BAD4-CB59E4F59048}.Debug|Any CPU.Build.0 = Debug|Any CPU
		{0CD368A6-27C7-4098-BAD4-CB59E4F59048}.Release|Any CPU.ActiveCfg = Release|Any CPU
		{0CD368A6-27C7-4098-BAD4-CB59E4F59048}.Release|Any CPU.Build.0 = Release|Any CPU
		{05FC7BA4-EBA9-4036-9D4B-AA521597F083}.Debug|Any CPU.ActiveCfg = Debug|Any CPU
		{05FC7BA4-EBA9-4036-9D4B-AA521597F083}.Debug|Any CPU.Build.0 = Debug|Any CPU
		{05FC7BA4-EBA9-4036-9D4B-AA521597F083}.Release|Any CPU.ActiveCfg = Release|Any CPU
		{05FC7BA4-EBA9-4036-9D4B-AA521597F083}.Release|Any CPU.Build.0 = Release|Any CPU
	EndGlobalSection
	GlobalSection(SolutionProperties) = preSolution
		HideSolutionNode = FALSE
	EndGlobalSection
	GlobalSection(ExtensibilityGlobals) = postSolution
		SolutionGuid = {97578C58-24F2-4CC0-A414-E69E0E9F2D6B}
	EndGlobalSection
EndGlobal
